// !$*UTF8*$!
{
	archiveVersion = 1;
	classes = {
	};
	objectVersion = 46;
	objects = {

/* Begin PBXBuildFile section */
		2AB753C01F7242E20037A9EE /* main.m in Sources */ = {isa = PBXBuildFile; fileRef = 2AB753BF1F7242E20037A9EE /* main.m */; };
		2AB753C31F7242E20037A9EE /* AppDelegate.m in Sources */ = {isa = PBXBuildFile; fileRef = 2AB753C21F7242E20037A9EE /* AppDelegate.m */; };
		2AB753C61F7242E30037A9EE /* ViewController.m in Sources */ = {isa = PBXBuildFile; fileRef = 2AB753C51F7242E30037A9EE /* ViewController.m */; };
		2AB753C91F7242E30037A9EE /* Main.storyboard in Resources */ = {isa = PBXBuildFile; fileRef = 2AB753C71F7242E30037A9EE /* Main.storyboard */; };
		2AB753CB1F7242E30037A9EE /* Assets.xcassets in Resources */ = {isa = PBXBuildFile; fileRef = 2AB753CA1F7242E30037A9EE /* Assets.xcassets */; };
		2AB753CE1F7242E30037A9EE /* LaunchScreen.storyboard in Resources */ = {isa = PBXBuildFile; fileRef = 2AB753CC1F7242E30037A9EE /* LaunchScreen.storyboard */; };
		2AB753D71F72438D0037A9EE /* XZCustomCamer.m in Sources */ = {isa = PBXBuildFile; fileRef = 2AB753D61F72438D0037A9EE /* XZCustomCamer.m */; };
/* End PBXBuildFile section */

/* Begin PBXFileReference section */
		2AB753BB1F7242E20037A9EE /* 封装选择图片和 调用系统相机.app */ = {isa = PBXFileReference; explicitFileType = wrapper.application; includeInIndex = 0; path = "封装选择图片和 调用系统相机.app"; sourceTree = BUILT_PRODUCTS_DIR; };
		2AB753BF1F7242E20037A9EE /* main.m */ = {isa = PBXFileReference; lastKnownFileType = sourcecode.c.objc; path = main.m; sourceTree = "<group>"; };
		2AB753C11F7242E20037A9EE /* AppDelegate.h */ = {isa = PBXFileReference; lastKnownFileType = sourcecode.c.h; path = AppDelegate.h; sourceTree = "<group>"; };
		2AB753C21F7242E20037A9EE /* AppDelegate.m */ = {isa = PBXFileReference; lastKnownFileType = sourcecode.c.objc; path = AppDelegate.m; sourceTree = "<group>"; };
		2AB753C41F7242E30037A9EE /* ViewController.h */ = {isa = PBXFileReference; lastKnownFileType = sourcecode.c.h; path = ViewController.h; sourceTree = "<group>"; };
		2AB753C51F7242E30037A9EE /* ViewController.m */ = {isa = PBXFileReference; lastKnownFileType = sourcecode.c.objc; path = ViewController.m; sourceTree = "<group>"; };
		2AB753C81F7242E30037A9EE /* Base */ = {isa = PBXFileReference; lastKnownFileType = file.storyboard; name = Base; path = Base.lproj/Main.storyboard; sourceTree = "<group>"; };
		2AB753CA1F7242E30037A9EE /* Assets.xcassets */ = {isa = PBXFileReference; lastKnownFileType = folder.assetcatalog; path = Assets.xcassets; sourceTree = "<group>"; };
		2AB753CD1F7242E30037A9EE /* Base */ = {isa = PBXFileReference; lastKnownFileType = file.storyboard; name = Base; path = Base.lproj/LaunchScreen.storyboard; sourceTree = "<group>"; };
		2AB753CF1F7242E30037A9EE /* Info.plist */ = {isa = PBXFileReference; lastKnownFileType = text.plist.xml; path = Info.plist; sourceTree = "<group>"; };
		2AB753D51F72438D0037A9EE /* XZCustomCamer.h */ = {isa = PBXFileReference; fileEncoding = 4; lastKnownFileType = sourcecode.c.h; path = XZCustomCamer.h; sourceTree = "<group>"; };
		2AB753D61F72438D0037A9EE /* XZCustomCamer.m */ = {isa = PBXFileReference; fileEncoding = 4; lastKnownFileType = sourcecode.c.objc; path = XZCustomCamer.m; sourceTree = "<group>"; };
/* End PBXFileReference section */

/* Begin PBXFrameworksBuildPhase section */
		2AB753B81F7242E20037A9EE /* Frameworks */ = {
			isa = PBXFrameworksBuildPhase;
			buildActionMask = 2147483647;
			files = (
			);
			runOnlyForDeploymentPostprocessing = 0;
		};
/* End PBXFrameworksBuildPhase section */

/* Begin PBXGroup section */
		2AB753B21F7242E20037A9EE = {
			isa = PBXGroup;
			children = (
				2AB753BD1F7242E20037A9EE /* 封装选择图片和 调用系统相机 */,
				2AB753BC1F7242E20037A9EE /* Products */,
			);
			sourceTree = "<group>";
		};
		2AB753BC1F7242E20037A9EE /* Products */ = {
			isa = PBXGroup;
			children = (
				2AB753BB1F7242E20037A9EE /* 封装选择图片和 调用系统相机.app */,
			);
			name = Products;
			sourceTree = "<group>";
		};
		2AB753BD1F7242E20037A9EE /* 封装选择图片和 调用系统相机 */ = {
			isa = PBXGroup;
			children = (
				2AB753C11F7242E20037A9EE /* AppDelegate.h */,
				2AB753C21F7242E20037A9EE /* AppDelegate.m */,
				2AB753C41F7242E30037A9EE /* ViewController.h */,
				2AB753C51F7242E30037A9EE /* ViewController.m */,
				2AB753D51F72438D0037A9EE /* XZCustomCamer.h */,
				2AB753D61F72438D0037A9EE /* XZCustomCamer.m */,
				2AB753C71F7242E30037A9EE /* Main.storyboard */,
				2AB753CA1F7242E30037A9EE /* Assets.xcassets */,
				2AB753CC1F7242E30037A9EE /* LaunchScreen.storyboard */,
				2AB753CF1F7242E30037A9EE /* Info.plist */,
				2AB753BE1F7242E20037A9EE /* Supporting Files */,
			);
			path = "封装选择图片和 调用系统相机";
			sourceTree = "<group>";
		};
		2AB753BE1F7242E20037A9EE /* Supporting Files */ = {
			isa = PBXGroup;
			children = (
				2AB753BF1F7242E20037A9EE /* main.m */,
			);
			name = "Supporting Files";
			sourceTree = "<group>";
		};
/* End PBXGroup section */

/* Begin PBXNativeTarget section */
		2AB753BA1F7242E20037A9EE /* 封装选择图片和 调用系统相机 */ = {
			isa = PBXNativeTarget;
			buildConfigurationList = 2AB753D21F7242E30037A9EE /* Build configuration list for PBXNativeTarget "封装选择图片和 调用系统相机" */;
			buildPhases = (
				2AB753B71F7242E20037A9EE /* Sources */,
				2AB753B81F7242E20037A9EE /* Frameworks */,
				2AB753B91F7242E20037A9EE /* Resources */,
			);
			buildRules = (
			);
			dependencies = (
			);
			name = "封装选择图片和 调用系统相机";
			productName = "封装选择图片和 调用系统相机";
			productReference = 2AB753BB1F7242E20037A9EE /* 封装选择图片和 调用系统相机.app */;
			productType = "com.apple.product-type.application";
		};
/* End PBXNativeTarget section */

/* Begin PBXProject section */
		2AB753B31F7242E20037A9EE /* Project object */ = {
			isa = PBXProject;
			attributes = {
				LastUpgradeCheck = 0830;
				ORGANIZATIONNAME = kmwl;
				TargetAttributes = {
					2AB753BA1F7242E20037A9EE = {
						CreatedOnToolsVersion = 8.3.3;
						DevelopmentTeam = RWN6NFLBHY;
						ProvisioningStyle = Automatic;
					};
				};
			};
			buildConfigurationList = 2AB753B61F7242E20037A9EE /* Build configuration list for PBXProject "封装选择图片和 调用系统相机" */;
			compatibilityVersion = "Xcode 3.2";
			developmentRegion = English;
			hasScannedForEncodings = 0;
			knownRegions = (
				en,
				Base,
			);
			mainGroup = 2AB753B21F7242E20037A9EE;
			productRefGroup = 2AB753BC1F7242E20037A9EE /* Products */;
			projectDirPath = "";
			projectRoot = "";
			targets = (
				2AB753BA1F7242E20037A9EE /* 封装选择图片和 调用系统相机 */,
			);
		};
/* End PBXProject section */

/* Begin PBXResourcesBuildPhase section */
		2AB753B91F7242E20037A9EE /* Resources */ = {
			isa = PBXResourcesBuildPhase;
			buildActionMask = 2147483647;
			files = (
				2AB753CE1F7242E30037A9EE /* LaunchScreen.storyboard in Resources */,
				2AB753CB1F7242E30037A9EE /* Assets.xcassets in Resources */,
				2AB753C91F7242E30037A9EE /* Main.storyboard in Resources */,
			);
			runOnlyForDeploymentPostprocessing = 0;
		};
/* End PBXResourcesBuildPhase section */

/* Begin PBXSourcesBuildPhase section */
		2AB753B71F7242E20037A9EE /* Sources */ = {
			isa = PBXSourcesBuildPhase;
			buildActionMask = 2147483647;
			files = (
				2AB753C61F7242E30037A9EE /* ViewController.m in Sources */,
				2AB753C31F7242E20037A9EE /* AppDelegate.m in Sources */,
				2AB753C01F7242E20037A9EE /* main.m in Sources */,
				2AB753D71F72438D0037A9EE /* XZCustomCamer.m in Sources */,
			);
			runOnlyForDeploymentPostprocessing = 0;
		};
/* End PBXSourcesBuildPhase section */

/* Begin PBXVariantGroup section */
		2AB753C71F7242E30037A9EE /* Main.storyboard */ = {
			isa = PBXVariantGroup;
			children = (
				2AB753C81F7242E30037A9EE /* Base */,
			);
			name = Main.storyboard;
			sourceTree = "<group>";
		};
		2AB753CC1F7242E30037A9EE /* LaunchScreen.storyboard */ = {
			isa = PBXVariantGroup;
			children = (
				2AB753CD1F7242E30037A9EE /* Base */,
			);
			name = LaunchScreen.storyboard;
			sourceTree = "<group>";
		};
/* End PBXVariantGroup section */

/* Begin XCBuildConfiguration section */
		2AB753D01F7242E30037A9EE /* Debug */ = {
			isa = XCBuildConfiguration;
			buildSettings = {
				ALWAYS_SEARCH_USER_PATHS = NO;
				CLANG_ANALYZER_NONNULL = YES;
				CLANG_ANALYZER_NUMBER_OBJECT_CONVERSION = YES_AGGRESSIVE;
				CLANG_CXX_LANGUAGE_STANDARD = "gnu++0x";
				CLANG_CXX_LIBRARY = "libc++";
				CLANG_ENABLE_MODULES = YES;
				CLANG_ENABLE_OBJC_ARC = YES;
				CLANG_WARN_BOOL_CONVERSION = YES;
				CLANG_WARN_CONSTANT_CONVERSION = YES;
				CLANG_WARN_DIRECT_OBJC_ISA_USAGE = YES_ERROR;
				CLANG_WARN_DOCUMENTATION_COMMENTS = YES;
				CLANG_WARN_EMPTY_BODY = YES;
				CLANG_WARN_ENUM_CONVERSION = YES;
				CLANG_WARN_INFINITE_RECURSION = YES;
				CLANG_WARN_INT_CONVERSION = YES;
				CLANG_WARN_OBJC_ROOT_CLASS = YES_ERROR;
				CLANG_WARN_SUSPICIOUS_MOVE = YES;
				CLANG_WARN_UNREACHABLE_CODE = YES;
				CLANG_WARN__DUPLICATE_METHOD_MATCH = YES;
				"CODE_SIGN_IDENTITY[sdk=iphoneos*]" = "iPhone Developer";
				COPY_PHASE_STRIP = NO;
				DEBUG_INFORMATION_FORMAT = dwarf;
				ENABLE_STRICT_OBJC_MSGSEND = YES;
				ENABLE_TESTABILITY = YES;
				GCC_C_LANGUAGE_STANDARD = gnu99;
				GCC_DYNAMIC_NO_PIC = NO;
				GCC_NO_COMMON_BLOCKS = YES;
				GCC_OPTIMIZATION_LEVEL = 0;
				GCC_PREPROCESSOR_DEFINITIONS = (
					"DEBUG=1",
					"$(inherited)",
				);
				GCC_WARN_64_TO_32_BIT_CONVERSION = YES;
				GCC_WARN_ABOUT_RETURN_TYPE = YES_ERROR;
				GCC_WARN_UNDECLARED_SELECTOR = YES;
				GCC_WARN_UNINITIALIZED_AUTOS = YES_AGGRESSIVE;
				GCC_WARN_UNUSED_FUNCTION = YES;
				GCC_WARN_UNUSED_VARIABLE = YES;
				IPHONEOS_DEPLOYMENT_TARGET = 10.3;
				MTL_ENABLE_DEBUG_INFO = YES;
				ONLY_ACTIVE_ARCH = YES;
				SDKROOT = iphoneos;
			};
			name = Debug;
		};
		2AB753D11F7242E30037A9EE /* Release */ = {
			isa = XCBuildConfiguration;
			buildSettings = {
				ALWAYS_SEARCH_USER_PATHS = NO;
				CLANG_ANALYZER_NONNULL = YES;
				CLANG_ANALYZER_NUMBER_OBJECT_CONVERSION = YES_AGGRESSIVE;
				CLANG_CXX_LANGUAGE_STANDARD = "gnu++0x";
				CLANG_CXX_LIBRARY = "libc++";
				CLANG_ENABLE_MODULES = YES;
				CLANG_ENABLE_OBJC_ARC = YES;
				CLANG_WARN_BOOL_CONVERSION = YES;
				CLANG_WARN_CONSTANT_CONVERSION = YES;
				CLANG_WARN_DIRECT_OBJC_ISA_USAGE = YES_ERROR;
				CLANG_WARN_DOCUMENTATION_COMMENTS = YES;
				CLANG_WARN_EMPTY_BODY = YES;
				CLANG_WARN_ENUM_CONVERSION = YES;
				CLANG_WARN_INFINITE_RECURSION = YES;
				CLANG_WARN_INT_CONVERSION = YES;
				CLANG_WARN_OBJC_ROOT_CLASS = YES_ERROR;
				CLANG_WARN_SUSPICIOUS_MOVE = YES;
				CLANG_WARN_UNREACHABLE_CODE = YES;
				CLANG_WARN__DUPLICATE_METHOD_MATCH = YES;
				"CODE_SIGN_IDENTITY[sdk=iphoneos*]" = "iPhone Developer";
				COPY_PHASE_STRIP = NO;
				DEBUG_INFORMATION_FORMAT = "dwarf-with-dsym";
				ENABLE_NS_ASSERTIONS = NO;
				ENABLE_STRICT_OBJC_MSGSEND = YES;
				GCC_C_LANGUAGE_STANDARD = gnu99;
				GCC_NO_COMMON_BLOCKS = YES;
				GCC_WARN_64_TO_32_BIT_CONVERSION = YES;
				GCC_WARN_ABOUT_RETURN_TYPE = YES_ERROR;
				GCC_WARN_UNDECLARED_SELECTOR = YES;
				GCC_WARN_UNINITIALIZED_AUTOS = YES_AGGRESSIVE;
				GCC_WARN_UNUSED_FUNCTION = YES;
				GCC_WARN_UNUSED_VARIABLE = YES;
				IPHONEOS_DEPLOYMENT_TARGET = 10.3;
				MTL_ENABLE_DEBUG_INFO = NO;
				SDKROOT = iphoneos;
				VALIDATE_PRODUCT = YES;
			};
			name = Release;
		};
		2AB753D31F7242E30037A9EE /* Debug */ = {
			isa = XCBuildConfiguration;
			buildSettings = {
				ASSETCATALOG_COMPILER_APPICON_NAME = AppIcon;
				DEVELOPMENT_TEAM = RWN6NFLBHY;
				INFOPLIST_FILE = "封装选择图片和 调用系统相机/Info.plist";
				IPHONEOS_DEPLOYMENT_TARGET = 9.0;
				LD_RUNPATH_SEARCH_PATHS = "$(inherited) @executable_path/Frameworks";
				PRODUCT_BUNDLE_IDENTIFIER = "com.wodekemi.--------------";
				PRODUCT_NAME = "$(TARGET_NAME)";
			};
			name = Debug;
		};
		2AB753D41F7242E30037A9EE /* Release */ = {
			isa = XCBuildConfiguration;
			buildSettings = {
				ASSETCATALOG_COMPILER_APPICON_NAME = AppIcon;
				DEVELOPMENT_TEAM = RWN6NFLBHY;
				INFOPLIST_FILE = "封装选择图片和 调用系统相机/Info.plist";
				IPHONEOS_DEPLOYMENT_TARGET = 9.0;
				LD_RUNPATH_SEARCH_PATHS = "$(inherited) @executable_path/Frameworks";
				PRODUCT_BUNDLE_IDENTIFIER = "com.wodekemi.--------------";
				PRODUCT_NAME = "$(TARGET_NAME)";
			};
			name = Release;
		};
/* End XCBuildConfiguration section */

/* Begin XCConfigurationList section */
		2AB753B61F7242E20037A9EE /* Build configuration list for PBXProject "封装选择图片和 调用系统相机" */ = {
			isa = XCConfigurationList;
			buildConfigurations = (
				2AB753D01F7242E30037A9EE /* Debug */,
				2AB753D11F7242E30037A9EE /* Release */,
			);
			defaultConfigurationIsVisible = 0;
			defaultConfigurationName = Release;
		};
		2AB753D21F7242E30037A9EE /* Build configuration list for PBXNativeTarget "封装选择图片和 调用系统相机" */ = {
			isa = XCConfigurationList;
			buildConfigurations = (
				2AB753D31F7242E30037A9EE /* Debug */,
				2AB753D41F7242E30037A9EE /* Release */,
			);
			defaultConfigurationIsVisible = 0;
		};
/* End XCConfigurationList section */
	};
	rootObject = 2AB753B31F7242E20037A9EE /* Project object */;
}
